
Microsoft Visual Studio Solution File, Format Version 12.00
# Visual Studio Version 17
VisualStudioVersion = 17.0.32014.148
MinimumVisualStudioVersion = 10.0.40219.1
Project("{FAE04EC0-301F-11D3-BF4B-00C04F79EFBC}") = "Homework3", "Homework3\Homework3.csproj", "{AF3CE25F-6744-4B69-81E9-3C410DA1FA70}"
EndProject
Global
	GlobalSection(SolutionConfigurationPlatforms) = preSolution
		Debug|Any CPU = Debug|Any CPU
		Release|Any CPU = Release|Any CPU
	EndGlobalSection
	GlobalSection(ProjectConfigurationPlatforms) = postSolution
		{AF3CE25F-6744-4B69-81E9-3C410DA1FA70}.Debug|Any CPU.ActiveCfg = Debug|Any CPU
		{AF3CE25F-6744-4B69-81E9-3C410DA1FA70}.Debug|Any CPU.Build.0 = Debug|Any CPU
		{AF3CE25F-6744-4B69-81E9-3C410DA1FA70}.Release|Any CPU.ActiveCfg = Release|Any CPU
		{AF3CE25F-6744-4B69-81E9-3C410DA1FA70}.Release|Any CPU.Build.0 = Release|Any CPU
	EndGlobalSection
	GlobalSection(SolutionProperties) = preSolution
		HideSolutionNode = FALSE
	EndGlobalSection
	GlobalSection(ExtensibilityGlobals) = postSolution
		SolutionGuid = {3ADD1143-1942-47B7-B5F3-85790F8E360F}
	EndGlobalSection
EndGlobal
